<?xml version="1.0" encoding="utf-8"?>
<Project ToolsVersion="4.0" xmlns="http://schemas.microsoft.com/developer/msbuild/2003">
  <ItemGroup>
    <Filter Include="Source Files">
      <UniqueIdentifier>{4FC737F1-C7A5-4376-A066-2A32D752A2FF}</UniqueIdentifier>
      <Extensions>cpp;c;cc;cxx;c++;cppm;ixx;def;odl;idl;hpj;bat;asm;asmx</Extensions>
    </Filter>
    <Filter Include="Header Files">
      <UniqueIdentifier>{93995380-89BD-4b04-88EB-625FBE52EBFB}</UniqueIdentifier>
      <Extensions>h;hh;hpp;hxx;h++;hm;inl;inc;ipp;xsd</Extensions>
    </Filter>
    <Filter Include="Resource Files">
      <UniqueIdentifier>{67DA6AB6-F800-4c08-8B7A-83BB121AAD01}</UniqueIdentifier>
      <Extensions>rc;ico;cur;bmp;dlg;rc2;rct;bin;rgs;gif;jpg;jpeg;jpe;resx;tiff;tif;png;wav;mfcribbon-ms</Extensions>
    </Filter>
    <Filter Include="Header Files\sdlutil">
      <UniqueIdentifier>{47fd6bfa-63aa-4e51-afd3-0d25875b4a60}</UniqueIdentifier>
    </Filter>
    <Filter Include="Header Files\utils">
      <UniqueIdentifier>{d0ff45e1-5c74-41b2-8cf9-3f60cfd74bd9}</UniqueIdentifier>
    </Filter>
    <Filter Include="Header Files\json">
      <UniqueIdentifier>{d61cfe4b-a5d5-4142-8708-b944657dbff6}</UniqueIdentifier>
    </Filter>
    <Filter Include="Source Files\sdlutil">
      <UniqueIdentifier>{a96449cb-cd75-4a7c-8af7-391473ca0a22}</UniqueIdentifier>
    </Filter>
    <Filter Include="Source Files\utils">
      <UniqueIdentifier>{48533d80-f3c4-48d4-93aa-a1219481dbe8}</UniqueIdentifier>
    </Filter>
    <Filter Include="Source Files\json">
      <UniqueIdentifier>{f050c7fb-d995-4366-9eaf-e78d399a13f9}</UniqueIdentifier>
    </Filter>
    <Filter Include="Header Files\components">
      <UniqueIdentifier>{fce3732f-9254-4cd2-8c27-439978c93857}</UniqueIdentifier>
    </Filter>
    <Filter Include="Source Files\components">
      <UniqueIdentifier>{5e8ce249-8dd5-4798-abdc-3d3e292a9412}</UniqueIdentifier>
    </Filter>
    <Filter Include="Header Files\ecs">
      <UniqueIdentifier>{19add400-5025-4fb8-b1d6-5d690fb3320a}</UniqueIdentifier>
    </Filter>
    <Filter Include="Source Files\ecs">
      <UniqueIdentifier>{8b51a071-22df-4640-8b78-fc5f9e45790a}</UniqueIdentifier>
    </Filter>
    <Filter Include="Header Files\game">
      <UniqueIdentifier>{09dc9a07-bbbf-4df9-aefe-8c6d109574ae}</UniqueIdentifier>
    </Filter>
    <Filter Include="Source Files\game">
      <UniqueIdentifier>{ebe51281-9d07-491b-a8d3-b4477b6fd2c2}</UniqueIdentifier>
    </Filter>
  </ItemGroup>
  <ItemGroup>
    <ClInclude Include="src\json\JSONValue.h">
      <Filter>Header Files\json</Filter>
    </ClInclude>
    <ClInclude Include="src\json\json_demo.h">
      <Filter>Header Files\json</Filter>
    </ClInclude>
    <ClInclude Include="src\json\JSON.h">
      <Filter>Header Files\json</Filter>
    </ClInclude>
    <ClInclude Include="src\utils\Collisions.h">
      <Filter>Header Files\utils</Filter>
    </ClInclude>
    <ClInclude Include="src\utils\mpl.h">
      <Filter>Header Files\utils</Filter>
    </ClInclude>
    <ClInclude Include="src\utils\Singleton.h">
      <Filter>Header Files\utils</Filter>
    </ClInclude>
    <ClInclude Include="src\utils\Vector2D.h">
      <Filter>Header Files\utils</Filter>
    </ClInclude>
    <ClInclude Include="src\sdlutils\Font.h">
      <Filter>Header Files\sdlutil</Filter>
    </ClInclude>
    <ClInclude Include="src\sdlutils\InputHandler.h">
      <Filter>Header Files\sdlutil</Filter>
    </ClInclude>
    <ClInclude Include="src\sdlutils\macros.h">
      <Filter>Header Files\sdlutil</Filter>
    </ClInclude>
    <ClInclude Include="src\sdlutils\Music.h">
      <Filter>Header Files\sdlutil</Filter>
    </ClInclude>
    <ClInclude Include="src\sdlutils\RandomNumberGenerator.h">
      <Filter>Header Files\sdlutil</Filter>
    </ClInclude>
    <ClInclude Include="src\sdlutils\SDLUtils.h">
      <Filter>Header Files\sdlutil</Filter>
    </ClInclude>
    <ClInclude Include="src\sdlutils\sdlutils_demo.h">
      <Filter>Header Files\sdlutil</Filter>
    </ClInclude>
    <ClInclude Include="src\sdlutils\SoundEffect.h">
      <Filter>Header Files\sdlutil</Filter>
    </ClInclude>
    <ClInclude Include="src\sdlutils\Texture.h">
      <Filter>Header Files\sdlutil</Filter>
    </ClInclude>
    <ClInclude Include="src\sdlutils\VirtualTimer.h">
      <Filter>Header Files\sdlutil</Filter>
    </ClInclude>
    <ClInclude Include="src\sdlutils\SDLNetUtils.h">
      <Filter>Header Files\sdlutil</Filter>
    </ClInclude>
    <ClInclude Include="src\utils\DynamicBitSet.h">
      <Filter>Header Files\utils</Filter>
    </ClInclude>
    <ClInclude Include="src\utils\ptr_iterator.h">
      <Filter>Header Files\utils</Filter>
    </ClInclude>
    <ClInclude Include="src\components\GameInfoMsgs.h">
      <Filter>Header Files\components</Filter>
    </ClInclude>
    <ClInclude Include="src\components\GameState.h">
      <Filter>Header Files\components</Filter>
    </ClInclude>
    <ClInclude Include="src\components\Image.h">
      <Filter>Header Files\components</Filter>
    </ClInclude>
    <ClInclude Include="src\components\PaddleAICtrl.h">
      <Filter>Header Files\components</Filter>
    </ClInclude>
    <ClInclude Include="src\components\PaddleKBCtrl.h">
      <Filter>Header Files\components</Filter>
    </ClInclude>
    <ClInclude Include="src\components\PaddleMouseCtrl.h">
      <Filter>Header Files\components</Filter>
    </ClInclude>
    <ClInclude Include="src\components\RectangleViewer.h">
      <Filter>Header Files\components</Filter>
    </ClInclude>
    <ClInclude Include="src\components\StopOnBorders.h">
      <Filter>Header Files\components</Filter>
    </ClInclude>
    <ClInclude Include="src\components\Transform.h">
      <Filter>Header Files\components</Filter>
    </ClInclude>
    <ClInclude Include="src\components\BounceOnBorders.h">
      <Filter>Header Files\components</Filter>
    </ClInclude>
    <ClInclude Include="src\ecs\Component.h">
      <Filter>Header Files\ecs</Filter>
    </ClInclude>
    <ClInclude Include="src\ecs\ecs.h">
      <Filter>Header Files\ecs</Filter>
    </ClInclude>
    <ClInclude Include="src\ecs\ecs_defs_example.h">
      <Filter>Header Files\ecs</Filter>
    </ClInclude>
    <ClInclude Include="src\ecs\Entity.h">
      <Filter>Header Files\ecs</Filter>
    </ClInclude>
    <ClInclude Include="src\ecs\Manager.h">
      <Filter>Header Files\ecs</Filter>
    </ClInclude>
    <ClInclude Include="src\ecs\messages.h">
      <Filter>Header Files\ecs</Filter>
    </ClInclude>
    <ClInclude Include="src\ecs\messages_defs_example.h">
      <Filter>Header Files\ecs</Filter>
    </ClInclude>
    <ClInclude Include="src\ecs\System.h">
      <Filter>Header Files\ecs</Filter>
    </ClInclude>
    <ClInclude Include="src\game\Component.h">
      <Filter>Header Files\game</Filter>
    </ClInclude>
    <ClInclude Include="src\game\Container.h">
      <Filter>Header Files\game</Filter>
    </ClInclude>
    <ClInclude Include="src\game\DeAcceleration.h">
      <Filter>Header Files\game</Filter>
    </ClInclude>
    <ClInclude Include="src\game\ecs_defs.h">
      <Filter>Header Files\game</Filter>
    </ClInclude>
    <ClInclude Include="src\game\FighterCtrl.h">
      <Filter>Header Files\game</Filter>
    </ClInclude>
    <ClInclude Include="src\game\Game.h">
      <Filter>Header Files\game</Filter>
    </ClInclude>
    <ClInclude Include="src\game\GameCtrl.h">
      <Filter>Header Files\game</Filter>
    </ClInclude>
    <ClInclude Include="src\game\GameManager.h">
      <Filter>Header Files\game</Filter>
    </ClInclude>
    <ClInclude Include="src\game\GameObject.h">
      <Filter>Header Files\game</Filter>
    </ClInclude>
    <ClInclude Include="src\game\ImageRenderer.h">
      <Filter>Header Files\game</Filter>
    </ClInclude>
    <ClInclude Include="src\game\RenderComponent.h">
      <Filter>Header Files\game</Filter>
    </ClInclude>
    <ClInclude Include="src\game\PhysicsComponent.h">
      <Filter>Header Files\game</Filter>
    </ClInclude>
    <ClInclude Include="src\game\InputComponent.h">
      <Filter>Header Files\game</Filter>
    </ClInclude>
    <ClInclude Include="src\game\ShowAtOppositeSide.h">
      <Filter>Header Files\game</Filter>
    </ClInclude>
    <ClInclude Include="src\game\SimpleMove.h">
      <Filter>Header Files\game</Filter>
    </ClInclude>
    <ClInclude Include="src\components\ImageWithFrames.h">
      <Filter>Header Files\components</Filter>
    </ClInclude>
  </ItemGroup>
  <ItemGroup>
    <ClCompile Include="src\json\JSONValue.cpp">
      <Filter>Source Files\json</Filter>
    </ClCompile>
    <ClCompile Include="src\json\json_demo.cpp">
      <Filter>Source Files\json</Filter>
    </ClCompile>
    <ClCompile Include="src\json\JSON.cpp">
      <Filter>Source Files\json</Filter>
    </ClCompile>
    <ClCompile Include="src\utils\Collisions.cpp">
      <Filter>Source Files\utils</Filter>
    </ClCompile>
    <ClCompile Include="src\utils\Vector2D.cpp">
      <Filter>Source Files\utils</Filter>
    </ClCompile>
    <ClCompile Include="src\sdlutils\SDLUtils.cpp">
      <Filter>Source Files\sdlutil</Filter>
    </ClCompile>
    <ClCompile Include="src\sdlutils\sdlutils_demo.cpp">
      <Filter>Source Files\sdlutil</Filter>
    </ClCompile>
    <ClCompile Include="src\sdlutils\SoundEffect.cpp">
      <Filter>Source Files\sdlutil</Filter>
    </ClCompile>
    <ClCompile Include="src\sdlutils\Texture.cpp">
      <Filter>Source Files\sdlutil</Filter>
    </ClCompile>
    <ClCompile Include="src\main.cpp">
      <Filter>Source Files</Filter>
    </ClCompile>
    <ClCompile Include="src\components\BounceOnBorders.cpp">
      <Filter>Source Files\components</Filter>
    </ClCompile>
    <ClCompile Include="src\components\GameInfoMsgs.cpp">
      <Filter>Source Files\components</Filter>
    </ClCompile>
    <ClCompile Include="src\components\GameState.cpp">
      <Filter>Source Files\components</Filter>
    </ClCompile>
    <ClCompile Include="src\components\Image.cpp">
      <Filter>Source Files\components</Filter>
    </ClCompile>
    <ClCompile Include="src\components\PaddleAICtrl.cpp">
      <Filter>Source Files\components</Filter>
    </ClCompile>
    <ClCompile Include="src\components\PaddleKBCtrl.cpp">
      <Filter>Source Files\components</Filter>
    </ClCompile>
    <ClCompile Include="src\components\PaddleMouseCtrl.cpp">
      <Filter>Source Files\components</Filter>
    </ClCompile>
    <ClCompile Include="src\components\RectangleViewer.cpp">
      <Filter>Source Files\components</Filter>
    </ClCompile>
    <ClCompile Include="src\components\StopOnBorders.cpp">
      <Filter>Source Files\components</Filter>
    </ClCompile>
    <ClCompile Include="src\ecs\Manager.cpp">
      <Filter>Source Files\ecs</Filter>
    </ClCompile>
    <ClCompile Include="src\game\Containter.cpp">
      <Filter>Source Files\game</Filter>
    </ClCompile>
    <ClCompile Include="src\game\DeAcceleration.cpp">
      <Filter>Source Files\game</Filter>
    </ClCompile>
    <ClCompile Include="src\game\FighterCtrl.cpp">
      <Filter>Source Files\game</Filter>
    </ClCompile>
    <ClCompile Include="src\game\Game.cpp">
      <Filter>Source Files\game</Filter>
    </ClCompile>
    <ClCompile Include="src\game\GameCtrl.cpp">
      <Filter>Source Files\game</Filter>
    </ClCompile>
    <ClCompile Include="src\game\GameManager.cpp">
      <Filter>Source Files\game</Filter>
    </ClCompile>
    <ClCompile Include="src\game\ImageRenderer.cpp">
      <Filter>Source Files\game</Filter>
    </ClCompile>
    <ClCompile Include="src\game\ShowAtOppositeSide.cpp">
      <Filter>Source Files\game</Filter>
    </ClCompile>
    <ClCompile Include="src\game\SimpleMove.cpp">
      <Filter>Source Files\game</Filter>
    </ClCompile>
    <ClCompile Include="src\components\ImageWithFrames.cpp">
      <Filter>Source Files\components</Filter>
    </ClCompile>
  </ItemGroup>
  <ItemGroup>
    <None Include="resources\config\sdlutilsdemo.resources.json">
      <Filter>Resource Files</Filter>
    </None>
  </ItemGroup>
</Project>